
Microsoft Visual Studio Solution File, Format Version 12.00
# Visual Studio Version 16
VisualStudioVersion = 16.0.31025.194
MinimumVisualStudioVersion = 10.0.40219.1
Project("{8BC9CEB8-8B4A-11D0-8D11-00A0C91BC942}") = "WndDesign", "WndDesign\WndDesign.vcxproj", "{84FC1A56-C93B-4014-81E4-3D7F70D6EE66}"
EndProject
Project("{8BC9CEB8-8B4A-11D0-8D11-00A0C91BC942}") = "Test", "Test\Test.vcxproj", "{41FA958C-1BCE-4406-9785-215983999B27}"
	ProjectSection(ProjectDependencies) = postProject
		{84FC1A56-C93B-4014-81E4-3D7F70D6EE66} = {84FC1A56-C93B-4014-81E4-3D7F70D6EE66}
	EndProjectSection
EndProject
Global
	GlobalSection(SolutionConfigurationPlatforms) = preSolution
		Debug|x64 = Debug|x64
		Debug|x86 = Debug|x86
		Release|x64 = Release|x64
		Release|x86 = Release|x86
	EndGlobalSection
	GlobalSection(ProjectConfigurationPlatforms) = postSolution
		{84FC1A56-C93B-4014-81E4-3D7F70D6EE66}.Debug|x64.ActiveCfg = Debug|x64
		{84FC1A56-C93B-4014-81E4-3D7F70D6EE66}.Debug|x64.Build.0 = Debug|x64
		{84FC1A56-C93B-4014-81E4-3D7F70D6EE66}.Debug|x86.ActiveCfg = Debug|Win32
		{84FC1A56-C93B-4014-81E4-3D7F70D6EE66}.Debug|x86.Build.0 = Debug|Win32
		{84FC1A56-C93B-4014-81E4-3D7F70D6EE66}.Release|x64.ActiveCfg = Release|x64
		{84FC1A56-C93B-4014-81E4-3D7F70D6EE66}.Release|x64.Build.0 = Release|x64
		{84FC1A56-C93B-4014-81E4-3D7F70D6EE66}.Release|x86.ActiveCfg = Release|Win32
		{84FC1A56-C93B-4014-81E4-3D7F70D6EE66}.Release|x86.Build.0 = Release|Win32
		{41FA958C-1BCE-4406-9785-215983999B27}.Debug|x64.ActiveCfg = Debug|x64
		{41FA958C-1BCE-4406-9785-215983999B27}.Debug|x64.Build.0 = Debug|x64
		{41FA958C-1BCE-4406-9785-215983999B27}.Debug|x86.ActiveCfg = Debug|Win32
		{41FA958C-1BCE-4406-9785-215983999B27}.Debug|x86.Build.0 = Debug|Win32
		{41FA958C-1BCE-4406-9785-215983999B27}.Release|x64.ActiveCfg = Release|x64
		{41FA958C-1BCE-4406-9785-215983999B27}.Release|x64.Build.0 = Release|x64
		{41FA958C-1BCE-4406-9785-215983999B27}.Release|x86.ActiveCfg = Release|Win32
		{41FA958C-1BCE-4406-9785-215983999B27}.Release|x86.Build.0 = Release|Win32
	EndGlobalSection
	GlobalSection(SolutionProperties) = preSolution
		HideSolutionNode = FALSE
	EndGlobalSection
	GlobalSection(ExtensibilityGlobals) = postSolution
		SolutionGuid = {7FB6B508-C8D1-4E02-805E-2825D0B5901E}
	EndGlobalSection
EndGlobal
