<?xml version="1.0" encoding="utf-8"?>
<Project ToolsVersion="4.0" xmlns="http://schemas.microsoft.com/developer/msbuild/2003">
  <ItemGroup>
    <Filter Include="Source Files">
      <UniqueIdentifier>{4FC737F1-C7A5-4376-A066-2A32D752A2FF}</UniqueIdentifier>
      <Extensions>cpp;c;cc;cxx;c++;cppm;ixx;def;odl;idl;hpj;bat;asm;asmx</Extensions>
    </Filter>
    <Filter Include="Header Files">
      <UniqueIdentifier>{93995380-89BD-4b04-88EB-625FBE52EBFB}</UniqueIdentifier>
      <Extensions>h;hh;hpp;hxx;h++;hm;inl;inc;ipp;xsd</Extensions>
    </Filter>
    <Filter Include="Resource Files">
      <UniqueIdentifier>{67DA6AB6-F800-4c08-8B7A-83BB121AAD01}</UniqueIdentifier>
      <Extensions>rc;ico;cur;bmp;dlg;rc2;rct;bin;rgs;gif;jpg;jpeg;jpe;resx;tiff;tif;png;wav;mfcribbon-ms</Extensions>
    </Filter>
  </ItemGroup>
  <ItemGroup>
    <ClInclude Include="geometry\point.h">
      <Filter>Header Files</Filter>
    </ClInclude>
    <ClInclude Include="geometry\size.h">
      <Filter>Header Files</Filter>
    </ClInclude>
    <ClInclude Include="geometry\rect.h">
      <Filter>Header Files</Filter>
    </ClInclude>
    <ClInclude Include="geometry\vector.h">
      <Filter>Header Files</Filter>
    </ClInclude>
    <ClInclude Include="common\core.h">
      <Filter>Header Files</Filter>
    </ClInclude>
    <ClInclude Include="geometry\geometry.h">
      <Filter>Header Files</Filter>
    </ClInclude>
    <ClInclude Include="figure\color.h">
      <Filter>Header Files</Filter>
    </ClInclude>
    <ClInclude Include="common\uncopyable.h">
      <Filter>Header Files</Filter>
    </ClInclude>
    <ClInclude Include="system\d2d_api.h">
      <Filter>Header Files</Filter>
    </ClInclude>
    <ClInclude Include="system\directx_resource.cpp">
      <Filter>Header Files</Filter>
    </ClInclude>
    <ClInclude Include="system\dxgi_api.h">
      <Filter>Header Files</Filter>
    </ClInclude>
    <ClInclude Include="system\dcomp_api.h">
      <Filter>Header Files</Filter>
    </ClInclude>
    <ClInclude Include="system\directx_helper.h">
      <Filter>Header Files</Filter>
    </ClInclude>
    <ClInclude Include="system\d2d_hwnd.h">
      <Filter>Header Files</Filter>
    </ClInclude>
    <ClInclude Include="system\d3d_api.h">
      <Filter>Header Files</Filter>
    </ClInclude>
    <ClInclude Include="system\dwrite_api.h">
      <Filter>Header Files</Filter>
    </ClInclude>
    <ClInclude Include="system\wic_api.h">
      <Filter>Header Files</Filter>
    </ClInclude>
    <ClInclude Include="system\directx_resource.h">
      <Filter>Header Files</Filter>
    </ClInclude>
    <ClInclude Include="system\d2d_target.h">
      <Filter>Header Files</Filter>
    </ClInclude>
    <ClInclude Include="window\WndObject.h">
      <Filter>Header Files</Filter>
    </ClInclude>
    <ClInclude Include="frame\WndFrame.h">
      <Filter>Header Files</Filter>
    </ClInclude>
    <ClInclude Include="layout\ListLayout.h">
      <Filter>Header Files</Filter>
    </ClInclude>
    <ClInclude Include="layout\FlowLayout.h">
      <Filter>Header Files</Filter>
    </ClInclude>
    <ClInclude Include="control\TextBox.h">
      <Filter>Header Files</Filter>
    </ClInclude>
    <ClInclude Include="window\Desktop.h">
      <Filter>Header Files</Filter>
    </ClInclude>
    <ClInclude Include="common\reversion_wrapper.h">
      <Filter>Header Files</Filter>
    </ClInclude>
    <ClInclude Include="figure\figure.h">
      <Filter>Header Files</Filter>
    </ClInclude>
    <ClInclude Include="figure\shape.h">
      <Filter>Header Files</Filter>
    </ClInclude>
    <ClInclude Include="figure\image.h">
      <Filter>Header Files</Filter>
    </ClInclude>
    <ClInclude Include="geometry\region.h">
      <Filter>Header Files</Filter>
    </ClInclude>
    <ClInclude Include="layout\OverlapLayout.h">
      <Filter>Header Files</Filter>
    </ClInclude>
    <ClInclude Include="frame\OverlapWndFrame.h">
      <Filter>Header Files</Filter>
    </ClInclude>
    <ClInclude Include="frame\DesktopWndFrame.h">
      <Filter>Header Files</Filter>
    </ClInclude>
    <ClInclude Include="control\EditBox.h">
      <Filter>Header Files</Filter>
    </ClInclude>
    <ClInclude Include="control\Button.h">
      <Filter>Header Files</Filter>
    </ClInclude>
    <ClInclude Include="control\ImageBox.h">
      <Filter>Header Files</Filter>
    </ClInclude>
    <ClInclude Include="control\CheckBox.h">
      <Filter>Header Files</Filter>
    </ClInclude>
    <ClInclude Include="figure\figure_queue.h">
      <Filter>Header Files</Filter>
    </ClInclude>
    <ClInclude Include="geometry\margin.h">
      <Filter>Header Files</Filter>
    </ClInclude>
    <ClInclude Include="style\frame_style.h">
      <Filter>Header Files</Filter>
    </ClInclude>
    <ClInclude Include="control\Placeholder.h">
      <Filter>Header Files</Filter>
    </ClInclude>
    <ClInclude Include="layout\BarLayout.h">
      <Filter>Header Files</Filter>
    </ClInclude>
    <ClInclude Include="frame\MultiViewFrame.h">
      <Filter>Header Files</Filter>
    </ClInclude>
    <ClInclude Include="layout\SplitLayout.h">
      <Filter>Header Files</Filter>
    </ClInclude>
    <ClInclude Include="window\wnd_traits.h">
      <Filter>Header Files</Filter>
    </ClInclude>
  </ItemGroup>
  <ItemGroup>
    <ClCompile Include="system\d2d_hwnd.cpp">
      <Filter>Source Files</Filter>
    </ClCompile>
    <ClCompile Include="system\d2d_target.cpp">
      <Filter>Source Files</Filter>
    </ClCompile>
    <ClCompile Include="window\Desktop.cpp">
      <Filter>Source Files</Filter>
    </ClCompile>
    <ClCompile Include="figure\shape.cpp">
      <Filter>Source Files</Filter>
    </ClCompile>
    <ClCompile Include="figure\image.cpp">
      <Filter>Source Files</Filter>
    </ClCompile>
    <ClCompile Include="geometry\region.cpp">
      <Filter>Source Files</Filter>
    </ClCompile>
  </ItemGroup>
</Project>