<?xml version="1.0" encoding="utf-8"?>
<Project ToolsVersion="4.0" xmlns="http://schemas.microsoft.com/developer/msbuild/2003">
  <ItemGroup>
    <Filter Include="Source Files">
      <UniqueIdentifier>{4FC737F1-C7A5-4376-A066-2A32D752A2FF}</UniqueIdentifier>
      <Extensions>cpp;c;cc;cxx;c++;cppm;ixx;def;odl;idl;hpj;bat;asm;asmx</Extensions>
    </Filter>
    <Filter Include="Header Files">
      <UniqueIdentifier>{93995380-89BD-4b04-88EB-625FBE52EBFB}</UniqueIdentifier>
      <Extensions>h;hh;hpp;hxx;h++;hm;inl;inc;ipp;xsd</Extensions>
    </Filter>
    <Filter Include="Resource Files">
      <UniqueIdentifier>{67DA6AB6-F800-4c08-8B7A-83BB121AAD01}</UniqueIdentifier>
      <Extensions>rc;ico;cur;bmp;dlg;rc2;rct;bin;rgs;gif;jpg;jpeg;jpe;resx;tiff;tif;png;wav;mfcribbon-ms</Extensions>
    </Filter>
  </ItemGroup>
  <ItemGroup>
    <ClInclude Include="geometry\point.h">
      <Filter>Header Files</Filter>
    </ClInclude>
    <ClInclude Include="geometry\size.h">
      <Filter>Header Files</Filter>
    </ClInclude>
    <ClInclude Include="geometry\rect.h">
      <Filter>Header Files</Filter>
    </ClInclude>
    <ClInclude Include="geometry\vector.h">
      <Filter>Header Files</Filter>
    </ClInclude>
    <ClInclude Include="common\core.h">
      <Filter>Header Files</Filter>
    </ClInclude>
    <ClInclude Include="geometry\geometry.h">
      <Filter>Header Files</Filter>
    </ClInclude>
    <ClInclude Include="figure\color.h">
      <Filter>Header Files</Filter>
    </ClInclude>
    <ClInclude Include="common\uncopyable.h">
      <Filter>Header Files</Filter>
    </ClInclude>
    <ClInclude Include="system\d2d_api.h">
      <Filter>Header Files</Filter>
    </ClInclude>
    <ClInclude Include="system\dxgi_api.h">
      <Filter>Header Files</Filter>
    </ClInclude>
    <ClInclude Include="system\dcomp_api.h">
      <Filter>Header Files</Filter>
    </ClInclude>
    <ClInclude Include="system\directx_helper.h">
      <Filter>Header Files</Filter>
    </ClInclude>
    <ClInclude Include="figure\desktop_layer.h">
      <Filter>Header Files</Filter>
    </ClInclude>
    <ClInclude Include="system\d3d_api.h">
      <Filter>Header Files</Filter>
    </ClInclude>
    <ClInclude Include="system\dwrite_api.h">
      <Filter>Header Files</Filter>
    </ClInclude>
    <ClInclude Include="system\wic_api.h">
      <Filter>Header Files</Filter>
    </ClInclude>
    <ClInclude Include="system\directx_resource.h">
      <Filter>Header Files</Filter>
    </ClInclude>
    <ClInclude Include="window\WndObject.h">
      <Filter>Header Files</Filter>
    </ClInclude>
    <ClInclude Include="frame\WndFrame.h">
      <Filter>Header Files</Filter>
    </ClInclude>
    <ClInclude Include="layout\ListLayout.h">
      <Filter>Header Files</Filter>
    </ClInclude>
    <ClInclude Include="layout\FlowLayout.h">
      <Filter>Header Files</Filter>
    </ClInclude>
    <ClInclude Include="control\TextBox.h">
      <Filter>Header Files</Filter>
    </ClInclude>
    <ClInclude Include="window\Global.h">
      <Filter>Header Files</Filter>
    </ClInclude>
    <ClInclude Include="common\reversion_wrapper.h">
      <Filter>Header Files</Filter>
    </ClInclude>
    <ClInclude Include="figure\figure.h">
      <Filter>Header Files</Filter>
    </ClInclude>
    <ClInclude Include="figure\shape.h">
      <Filter>Header Files</Filter>
    </ClInclude>
    <ClInclude Include="figure\image.h">
      <Filter>Header Files</Filter>
    </ClInclude>
    <ClInclude Include="geometry\region.h">
      <Filter>Header Files</Filter>
    </ClInclude>
    <ClInclude Include="layout\OverlapLayout.h">
      <Filter>Header Files</Filter>
    </ClInclude>
    <ClInclude Include="frame\OverlapFrame.h">
      <Filter>Header Files</Filter>
    </ClInclude>
    <ClInclude Include="frame\DesktopFrame.h">
      <Filter>Header Files</Filter>
    </ClInclude>
    <ClInclude Include="control\EditBox.h">
      <Filter>Header Files</Filter>
    </ClInclude>
    <ClInclude Include="control\Button.h">
      <Filter>Header Files</Filter>
    </ClInclude>
    <ClInclude Include="control\ImageBox.h">
      <Filter>Header Files</Filter>
    </ClInclude>
    <ClInclude Include="control\CheckBox.h">
      <Filter>Header Files</Filter>
    </ClInclude>
    <ClInclude Include="figure\figure_queue.h">
      <Filter>Header Files</Filter>
    </ClInclude>
    <ClInclude Include="geometry\margin.h">
      <Filter>Header Files</Filter>
    </ClInclude>
    <ClInclude Include="style\frame_style.h">
      <Filter>Header Files</Filter>
    </ClInclude>
    <ClInclude Include="control\Placeholder.h">
      <Filter>Header Files</Filter>
    </ClInclude>
    <ClInclude Include="layout\BarLayout.h">
      <Filter>Header Files</Filter>
    </ClInclude>
    <ClInclude Include="frame\MultiViewFrame.h">
      <Filter>Header Files</Filter>
    </ClInclude>
    <ClInclude Include="layout\SplitLayout.h">
      <Filter>Header Files</Filter>
    </ClInclude>
    <ClInclude Include="window\wnd_traits.h">
      <Filter>Header Files</Filter>
    </ClInclude>
    <ClInclude Include="frame\ScrollFrame.h">
      <Filter>Header Files</Filter>
    </ClInclude>
    <ClInclude Include="frame\LayerFrame.h">
      <Filter>Header Files</Filter>
    </ClInclude>
    <ClInclude Include="message\message.h">
      <Filter>Header Files</Filter>
    </ClInclude>
    <ClInclude Include="message\mouse_msg.h">
      <Filter>Header Files</Filter>
    </ClInclude>
    <ClInclude Include="message\key_msg.h">
      <Filter>Header Files</Filter>
    </ClInclude>
    <ClInclude Include="message\notify_msg.h">
      <Filter>Header Files</Filter>
    </ClInclude>
    <ClInclude Include="figure\layer.h">
      <Filter>Header Files</Filter>
    </ClInclude>
    <ClInclude Include="figure\tiled_layer.h">
      <Filter>Header Files</Filter>
    </ClInclude>
    <ClInclude Include="frame\TiledLayerFrame.h">
      <Filter>Header Files</Filter>
    </ClInclude>
    <ClInclude Include="system\win32_api.h">
      <Filter>Header Files</Filter>
    </ClInclude>
    <ClInclude Include="style\desktop_frame_style.h">
      <Filter>Header Files</Filter>
    </ClInclude>
    <ClInclude Include="style\value_tag.h">
      <Filter>Header Files</Filter>
    </ClInclude>
    <ClInclude Include="style\style.h">
      <Filter>Header Files</Filter>
    </ClInclude>
    <ClInclude Include="style\style_helper.h">
      <Filter>Header Files</Filter>
    </ClInclude>
    <ClInclude Include="style\border_helper.h">
      <Filter>Header Files</Filter>
    </ClInclude>
    <ClInclude Include="window\desktop.h">
      <Filter>Header Files</Filter>
    </ClInclude>
    <ClInclude Include="figure\bitmap.h">
      <Filter>Header Files</Filter>
    </ClInclude>
    <ClInclude Include="geometry\interval.h">
      <Filter>Header Files</Filter>
    </ClInclude>
    <ClInclude Include="geometry\geometry_helper.h">
      <Filter>Header Files</Filter>
    </ClInclude>
    <ClInclude Include="message\ime.h">
      <Filter>Header Files</Filter>
    </ClInclude>
    <ClInclude Include="system\win32_ime.h">
      <Filter>Header Files</Filter>
    </ClInclude>
    <ClInclude Include="system\clipboard.h">
      <Filter>Header Files</Filter>
    </ClInclude>
    <ClInclude Include="system\cursor.h">
      <Filter>Header Files</Filter>
    </ClInclude>
    <ClInclude Include="system\win32_aero_snap.h">
      <Filter>Header Files</Filter>
    </ClInclude>
    <ClInclude Include="message\timer.h">
      <Filter>Header Files</Filter>
    </ClInclude>
  </ItemGroup>
  <ItemGroup>
    <ClCompile Include="figure\desktop_layer.cpp">
      <Filter>Source Files</Filter>
    </ClCompile>
    <ClCompile Include="figure\shape.cpp">
      <Filter>Source Files</Filter>
    </ClCompile>
    <ClCompile Include="figure\image.cpp">
      <Filter>Source Files</Filter>
    </ClCompile>
    <ClCompile Include="geometry\region.cpp">
      <Filter>Source Files</Filter>
    </ClCompile>
    <ClCompile Include="system\directx_resource.cpp">
      <Filter>Source Files</Filter>
    </ClCompile>
    <ClCompile Include="figure\layer.cpp">
      <Filter>Source Files</Filter>
    </ClCompile>
    <ClCompile Include="frame\LayerFrame.cpp">
      <Filter>Source Files</Filter>
    </ClCompile>
    <ClCompile Include="frame\DesktopFrame.cpp">
      <Filter>Source Files</Filter>
    </ClCompile>
    <ClCompile Include="system\win32_api.cpp">
      <Filter>Source Files</Filter>
    </ClCompile>
    <ClCompile Include="window\Global.cpp">
      <Filter>Source Files</Filter>
    </ClCompile>
    <ClCompile Include="window\WndObject.cpp">
      <Filter>Source Files</Filter>
    </ClCompile>
    <ClCompile Include="window\desktop.cpp">
      <Filter>Source Files</Filter>
    </ClCompile>
    <ClCompile Include="figure\bitmap.cpp">
      <Filter>Source Files</Filter>
    </ClCompile>
    <ClCompile Include="message\ime.cpp">
      <Filter>Source Files</Filter>
    </ClCompile>
    <ClCompile Include="system\win32_ime.cpp">
      <Filter>Source Files</Filter>
    </ClCompile>
    <ClCompile Include="system\win_main.cpp">
      <Filter>Source Files</Filter>
    </ClCompile>
    <ClCompile Include="system\clipboard.cpp">
      <Filter>Source Files</Filter>
    </ClCompile>
    <ClCompile Include="system\cursor.cpp">
      <Filter>Source Files</Filter>
    </ClCompile>
    <ClCompile Include="system\win32_aero_snap.cpp">
      <Filter>Source Files</Filter>
    </ClCompile>
    <ClCompile Include="message\timer.cpp">
      <Filter>Source Files</Filter>
    </ClCompile>
  </ItemGroup>
</Project>